
Microsoft Visual Studio Solution File, Format Version 12.00
# Visual Studio Version 16
VisualStudioVersion = 16.0.29509.3
MinimumVisualStudioVersion = 10.0.40219.1
Project("{8BC9CEB8-8B4A-11D0-8D11-00A0C91BC942}") = "SMBLibrary", "SMBLibrary.vcxproj", "{58E932A3-2AC1-4148-8039-09762C601182}"
EndProject
Global
	GlobalSection(SolutionConfigurationPlatforms) = preSolution
		Debug|x64 = Debug|x64
		Debug|x86 = Debug|x86
		Release|x64 = Release|x64
		Release|x86 = Release|x86
	EndGlobalSection
	GlobalSection(ProjectConfigurationPlatforms) = postSolution
		{58E932A3-2AC1-4148-8039-09762C601182}.Debug|x64.ActiveCfg = Debug|x64
		{58E932A3-2AC1-4148-8039-09762C601182}.Debug|x64.Build.0 = Debug|x64
		{58E932A3-2AC1-4148-8039-09762C601182}.Debug|x86.ActiveCfg = Debug|Win32
		{58E932A3-2AC1-4148-8039-09762C601182}.Debug|x86.Build.0 = Debug|Win32
		{58E932A3-2AC1-4148-8039-09762C601182}.Release|x64.ActiveCfg = Release|x64
		{58E932A3-2AC1-4148-8039-09762C601182}.Release|x64.Build.0 = Release|x64
		{58E932A3-2AC1-4148-8039-09762C601182}.Release|x86.ActiveCfg = Release|Win32
		{58E932A3-2AC1-4148-8039-09762C601182}.Release|x86.Build.0 = Release|Win32
	EndGlobalSection
	GlobalSection(SolutionProperties) = preSolution
		HideSolutionNode = FALSE
	EndGlobalSection
	GlobalSection(ExtensibilityGlobals) = postSolution
		SolutionGuid = {41A8F98A-53DF-4CCF-BB68-5C02524966A7}
	EndGlobalSection
EndGlobal
